
Microsoft Visual Studio Solution File, Format Version 12.00
# Visual Studio 15
VisualStudioVersion = 15.0.28307.757
MinimumVisualStudioVersion = 10.0.40219.1
Project("{9A19103F-16F7-4668-BE54-9A1E7A4F7556}") = "benchmark_serilizer", "benchmark_serilizer.csproj", "{3A54823D-0A50-4A1B-9847-EA6C218054CB}"
EndProject
Global
	GlobalSection(SolutionConfigurationPlatforms) = preSolution
		Debug|Any CPU = Debug|Any CPU
		Release|Any CPU = Release|Any CPU
	EndGlobalSection
	GlobalSection(ProjectConfigurationPlatforms) = postSolution
		{3A54823D-0A50-4A1B-9847-EA6C218054CB}.Debug|Any CPU.ActiveCfg = Debug|Any CPU
		{3A54823D-0A50-4A1B-9847-EA6C218054CB}.Debug|Any CPU.Build.0 = Debug|Any CPU
		{3A54823D-0A50-4A1B-9847-EA6C218054CB}.Release|Any CPU.ActiveCfg = Release|Any CPU
		{3A54823D-0A50-4A1B-9847-EA6C218054CB}.Release|Any CPU.Build.0 = Release|Any CPU
	EndGlobalSection
	GlobalSection(SolutionProperties) = preSolution
		HideSolutionNode = FALSE
	EndGlobalSection
	GlobalSection(ExtensibilityGlobals) = postSolution
		SolutionGuid = {044EC2E4-2DD5-4BF1-965F-B68E0A8B1718}
	EndGlobalSection
EndGlobal
